
Microsoft Visual Studio Solution File, Format Version 12.00
# Visual Studio 15
VisualStudioVersion = 15.0.28010.0
MinimumVisualStudioVersion = 10.0.40219.1
Project("{FAE04EC0-301F-11D3-BF4B-00C04F79EFBC}") = "ReadingExchangeAccount", "ReadingExchangeAccount\ReadingExchangeAccount.csproj", "{965369CF-D6DF-4FDF-88D1-A3F15370DF96}"
EndProject
Global
	GlobalSection(SolutionConfigurationPlatforms) = preSolution
		Debug|Any CPU = Debug|Any CPU
		Release|Any CPU = Release|Any CPU
	EndGlobalSection
	GlobalSection(ProjectConfigurationPlatforms) = postSolution
		{965369CF-D6DF-4FDF-88D1-A3F15370DF96}.Debug|Any CPU.ActiveCfg = Debug|Any CPU
		{965369CF-D6DF-4FDF-88D1-A3F15370DF96}.Debug|Any CPU.Build.0 = Debug|Any CPU
		{965369CF-D6DF-4FDF-88D1-A3F15370DF96}.Release|Any CPU.ActiveCfg = Release|Any CPU
		{965369CF-D6DF-4FDF-88D1-A3F15370DF96}.Release|Any CPU.Build.0 = Release|Any CPU
	EndGlobalSection
	GlobalSection(SolutionProperties) = preSolution
		HideSolutionNode = FALSE
	EndGlobalSection
	GlobalSection(ExtensibilityGlobals) = postSolution
		SolutionGuid = {E4F33DCE-F299-4C77-B18A-2FFBBA1F5FB3}
	EndGlobalSection
EndGlobal
